
Microsoft Visual Studio Solution File, Format Version 12.00
# Visual Studio Version 17
VisualStudioVersion = 17.10.34607.79
MinimumVisualStudioVersion = 10.0.40219.1
Project("{FAE04EC0-301F-11D3-BF4B-00C04F79EFBC}") = "LlanoApp.Api", "LlanoApp.Api\LlanoApp.Api.csproj", "{F33FA3B8-C103-4EBD-90EC-135709F195A3}"
EndProject
Project("{FAE04EC0-301F-11D3-BF4B-00C04F79EFBC}") = "LlanoApp.Domain", "LlanoApp.Domain\LlanoApp.Domain.csproj", "{7EAB6C9A-F26B-47C5-AB2D-572DC72C9CCE}"
EndProject
Project("{FAE04EC0-301F-11D3-BF4B-00C04F79EFBC}") = "LlanoApp.Infrastructure", "LlanoApp.Infrastructure\LlanoApp.Infrastructure.csproj", "{1851ECD7-495F-4175-9CE4-510675F1C3C1}"
EndProject
Global
	GlobalSection(SolutionConfigurationPlatforms) = preSolution
		Debug|Any CPU = Debug|Any CPU
		Release|Any CPU = Release|Any CPU
	EndGlobalSection
	GlobalSection(ProjectConfigurationPlatforms) = postSolution
		{F33FA3B8-C103-4EBD-90EC-135709F195A3}.Debug|Any CPU.ActiveCfg = Debug|Any CPU
		{F33FA3B8-C103-4EBD-90EC-135709F195A3}.Debug|Any CPU.Build.0 = Debug|Any CPU
		{F33FA3B8-C103-4EBD-90EC-135709F195A3}.Release|Any CPU.ActiveCfg = Release|Any CPU
		{F33FA3B8-C103-4EBD-90EC-135709F195A3}.Release|Any CPU.Build.0 = Release|Any CPU
		{7EAB6C9A-F26B-47C5-AB2D-572DC72C9CCE}.Debug|Any CPU.ActiveCfg = Debug|Any CPU
		{7EAB6C9A-F26B-47C5-AB2D-572DC72C9CCE}.Debug|Any CPU.Build.0 = Debug|Any CPU
		{7EAB6C9A-F26B-47C5-AB2D-572DC72C9CCE}.Release|Any CPU.ActiveCfg = Release|Any CPU
		{7EAB6C9A-F26B-47C5-AB2D-572DC72C9CCE}.Release|Any CPU.Build.0 = Release|Any CPU
		{1851ECD7-495F-4175-9CE4-510675F1C3C1}.Debug|Any CPU.ActiveCfg = Debug|Any CPU
		{1851ECD7-495F-4175-9CE4-510675F1C3C1}.Debug|Any CPU.Build.0 = Debug|Any CPU
		{1851ECD7-495F-4175-9CE4-510675F1C3C1}.Release|Any CPU.ActiveCfg = Release|Any CPU
		{1851ECD7-495F-4175-9CE4-510675F1C3C1}.Release|Any CPU.Build.0 = Release|Any CPU
	EndGlobalSection
	GlobalSection(SolutionProperties) = preSolution
		HideSolutionNode = FALSE
	EndGlobalSection
	GlobalSection(ExtensibilityGlobals) = postSolution
		SolutionGuid = {26451F9B-16F3-439D-89A8-68C7DFD284C8}
	EndGlobalSection
EndGlobal
